
Microsoft Visual Studio Solution File, Format Version 12.00
# Visual Studio Version 17
VisualStudioVersion = 17.6.33723.286
MinimumVisualStudioVersion = 10.0.40219.1
Project("{9A19103F-16F7-4668-BE54-9A1E7A4F7556}") = "PurityPlus.Server", "PurityPlus.Server\PurityPlus.Server.csproj", "{A00CCD4E-5FD5-47AF-84C8-3F78017AAFC5}"
EndProject
Project("{9A19103F-16F7-4668-BE54-9A1E7A4F7556}") = "PurityPlus.Database", "PurityPlus.Database\PurityPlus.Database.csproj", "{3EB70755-F2C0-4153-9E13-6C9C507DFB0B}"
EndProject
Project("{FAE04EC0-301F-11D3-BF4B-00C04F79EFBC}") = "PurityPlus.Services", "PurityPlus.Services\PurityPlus.Services.csproj", "{156DFBE8-4246-438D-B1CE-CC685FC5ECAF}"
EndProject
Global
	GlobalSection(SolutionConfigurationPlatforms) = preSolution
		Debug|Any CPU = Debug|Any CPU
		Release|Any CPU = Release|Any CPU
	EndGlobalSection
	GlobalSection(ProjectConfigurationPlatforms) = postSolution
		{A00CCD4E-5FD5-47AF-84C8-3F78017AAFC5}.Debug|Any CPU.ActiveCfg = Debug|Any CPU
		{A00CCD4E-5FD5-47AF-84C8-3F78017AAFC5}.Debug|Any CPU.Build.0 = Debug|Any CPU
		{A00CCD4E-5FD5-47AF-84C8-3F78017AAFC5}.Release|Any CPU.ActiveCfg = Release|Any CPU
		{A00CCD4E-5FD5-47AF-84C8-3F78017AAFC5}.Release|Any CPU.Build.0 = Release|Any CPU
		{3EB70755-F2C0-4153-9E13-6C9C507DFB0B}.Debug|Any CPU.ActiveCfg = Debug|Any CPU
		{3EB70755-F2C0-4153-9E13-6C9C507DFB0B}.Debug|Any CPU.Build.0 = Debug|Any CPU
		{3EB70755-F2C0-4153-9E13-6C9C507DFB0B}.Release|Any CPU.ActiveCfg = Release|Any CPU
		{3EB70755-F2C0-4153-9E13-6C9C507DFB0B}.Release|Any CPU.Build.0 = Release|Any CPU
		{156DFBE8-4246-438D-B1CE-CC685FC5ECAF}.Debug|Any CPU.ActiveCfg = Debug|Any CPU
		{156DFBE8-4246-438D-B1CE-CC685FC5ECAF}.Debug|Any CPU.Build.0 = Debug|Any CPU
		{156DFBE8-4246-438D-B1CE-CC685FC5ECAF}.Release|Any CPU.ActiveCfg = Release|Any CPU
		{156DFBE8-4246-438D-B1CE-CC685FC5ECAF}.Release|Any CPU.Build.0 = Release|Any CPU
	EndGlobalSection
	GlobalSection(SolutionProperties) = preSolution
		HideSolutionNode = FALSE
	EndGlobalSection
	GlobalSection(ExtensibilityGlobals) = postSolution
		SolutionGuid = {840CBF24-2B41-4690-A1DD-27D23C3F5676}
	EndGlobalSection
EndGlobal
